apiVersion: vendir.k14s.io/v1alpha1
directories:
- contents:
  - git:
      commitTitle: 'Merge pull request #1667 from mattray/maintainers...'
      sha: 6d3f581bd1290a886c478e1a01cb393e614f3c5b
      tags:
      - v0.000000001.0-rc.0-767-g6d3f581b
    path: opencost
  path: vendor
kind: LockConfig
