apiVersion: vendir.k14s.io/v1alpha1
directories:
- contents:
  - helmChart:
      appVersion: v0.33.1
      version: 0.13.0
    path: grafana-agent
  - helmChart:
      appVersion: 1.5.0
      version: 4.17.1
    path: node-exporter
  - helmChart:
      appVersion: 2.8.2
      version: 5.6.1
    path: kube-state-metrics
  path: vendor
kind: LockConfig
